
Microsoft Visual Studio Solution File, Format Version 12.00
# Visual Studio Version 17
VisualStudioVersion = 17.1.32414.318
MinimumVisualStudioVersion = 10.0.40219.1
Project("{9A19103F-16F7-4668-BE54-9A1E7A4F7556}") = "TrfrtSbmt.Api", "TrfrtSbmt.Api\TrfrtSbmt.Api.csproj", "{E2BA2DCA-12CB-4901-937F-513D42040087}"
EndProject
Project("{9A19103F-16F7-4668-BE54-9A1E7A4F7556}") = "TrfrtSbmt.Tests", "TrfrtSbmt.Tests\TrfrtSbmt.Tests.csproj", "{AF15C4A3-5380-4D66-8B8A-F942BFD1C863}"
EndProject
Project("{9A19103F-16F7-4668-BE54-9A1E7A4F7556}") = "TrfrtSbmt.Cdk", "TrfrtSbmt.Cdk\TrfrtSbmt.Cdk.csproj", "{04FB6B14-AF6C-4C11-9506-E17C297A14F3}"
EndProject
Project("{2150E333-8FDC-42A3-9474-1A3956D46DE8}") = "github actions", "github actions", "{E8BBA096-B1CE-4F49-8EF7-EB35749BFBFE}"
	ProjectSection(SolutionItems) = preProject
		.github\workflows\build.yml = .github\workflows\build.yml
		.github\workflows\codeql-analysis.yml = .github\workflows\codeql-analysis.yml
		runner-bootstrap.yml = runner-bootstrap.yml
	EndProjectSection
EndProject
Project("{9A19103F-16F7-4668-BE54-9A1E7A4F7556}") = "TrfrtSbmt.VoteStreamProcessor", "TrfrtSbmt.VoteStreamProcessor\TrfrtSbmt.VoteStreamProcessor.csproj", "{CE354BCA-1F51-4C36-BF81-3C7E2AEEA806}"
EndProject
Global
	GlobalSection(SolutionConfigurationPlatforms) = preSolution
		Debug|Any CPU = Debug|Any CPU
		Release|Any CPU = Release|Any CPU
	EndGlobalSection
	GlobalSection(ProjectConfigurationPlatforms) = postSolution
		{E2BA2DCA-12CB-4901-937F-513D42040087}.Debug|Any CPU.ActiveCfg = Debug|Any CPU
		{E2BA2DCA-12CB-4901-937F-513D42040087}.Debug|Any CPU.Build.0 = Debug|Any CPU
		{E2BA2DCA-12CB-4901-937F-513D42040087}.Release|Any CPU.ActiveCfg = Release|Any CPU
		{E2BA2DCA-12CB-4901-937F-513D42040087}.Release|Any CPU.Build.0 = Release|Any CPU
		{AF15C4A3-5380-4D66-8B8A-F942BFD1C863}.Debug|Any CPU.ActiveCfg = Debug|Any CPU
		{AF15C4A3-5380-4D66-8B8A-F942BFD1C863}.Debug|Any CPU.Build.0 = Debug|Any CPU
		{AF15C4A3-5380-4D66-8B8A-F942BFD1C863}.Release|Any CPU.ActiveCfg = Release|Any CPU
		{AF15C4A3-5380-4D66-8B8A-F942BFD1C863}.Release|Any CPU.Build.0 = Release|Any CPU
		{04FB6B14-AF6C-4C11-9506-E17C297A14F3}.Debug|Any CPU.ActiveCfg = Debug|Any CPU
		{04FB6B14-AF6C-4C11-9506-E17C297A14F3}.Debug|Any CPU.Build.0 = Debug|Any CPU
		{04FB6B14-AF6C-4C11-9506-E17C297A14F3}.Release|Any CPU.ActiveCfg = Release|Any CPU
		{04FB6B14-AF6C-4C11-9506-E17C297A14F3}.Release|Any CPU.Build.0 = Release|Any CPU
		{CE354BCA-1F51-4C36-BF81-3C7E2AEEA806}.Debug|Any CPU.ActiveCfg = Debug|Any CPU
		{CE354BCA-1F51-4C36-BF81-3C7E2AEEA806}.Debug|Any CPU.Build.0 = Debug|Any CPU
		{CE354BCA-1F51-4C36-BF81-3C7E2AEEA806}.Release|Any CPU.ActiveCfg = Release|Any CPU
		{CE354BCA-1F51-4C36-BF81-3C7E2AEEA806}.Release|Any CPU.Build.0 = Release|Any CPU
	EndGlobalSection
	GlobalSection(SolutionProperties) = preSolution
		HideSolutionNode = FALSE
	EndGlobalSection
	GlobalSection(ExtensibilityGlobals) = postSolution
		SolutionGuid = {CB554FF8-C0D7-457D-BEDB-C82C5CC8ED93}
	EndGlobalSection
EndGlobal
